
Microsoft Visual Studio Solution File, Format Version 12.00
# Visual Studio Version 17
VisualStudioVersion = 17.12.35527.113
MinimumVisualStudioVersion = 10.0.40219.1
Project("{FAE04EC0-301F-11D3-BF4B-00C04F79EFBC}") = "DSBooking.Infrastructure", "DSBooking.Infrastructure\DSBooking.Infrastructure.csproj", "{E8CE8CB1-E8D5-45E8-9450-E23AFDE554E5}"
EndProject
Project("{FAE04EC0-301F-11D3-BF4B-00C04F79EFBC}") = "DSBooking.Domain", "DSBooking.Domain\DSBooking.Domain.csproj", "{4FDC59EC-2E5B-46CE-8740-46CEBE9821E8}"
EndProject
Project("{FAE04EC0-301F-11D3-BF4B-00C04F79EFBC}") = "DSBooking.Presentation", "DSBooking.UI\DSBooking.Presentation.csproj", "{92D6BF76-4B06-4674-AE05-BF8FE7393D68}"
EndProject
Project("{FAE04EC0-301F-11D3-BF4B-00C04F79EFBC}") = "DSBooking", "DSBooking\DSBooking.csproj", "{2B970432-F681-4D44-BCE7-6AF4AB3D5F36}"
EndProject
Project("{FAE04EC0-301F-11D3-BF4B-00C04F79EFBC}") = "DSBooking.Application", "Application\DSBooking.Application.csproj", "{B6601664-C86C-4C97-A193-828318DEA7FB}"
EndProject
Global
	GlobalSection(SolutionConfigurationPlatforms) = preSolution
		Debug|Any CPU = Debug|Any CPU
		Release|Any CPU = Release|Any CPU
	EndGlobalSection
	GlobalSection(ProjectConfigurationPlatforms) = postSolution
		{E8CE8CB1-E8D5-45E8-9450-E23AFDE554E5}.Debug|Any CPU.ActiveCfg = Debug|Any CPU
		{E8CE8CB1-E8D5-45E8-9450-E23AFDE554E5}.Debug|Any CPU.Build.0 = Debug|Any CPU
		{E8CE8CB1-E8D5-45E8-9450-E23AFDE554E5}.Release|Any CPU.ActiveCfg = Release|Any CPU
		{E8CE8CB1-E8D5-45E8-9450-E23AFDE554E5}.Release|Any CPU.Build.0 = Release|Any CPU
		{4FDC59EC-2E5B-46CE-8740-46CEBE9821E8}.Debug|Any CPU.ActiveCfg = Debug|Any CPU
		{4FDC59EC-2E5B-46CE-8740-46CEBE9821E8}.Debug|Any CPU.Build.0 = Debug|Any CPU
		{4FDC59EC-2E5B-46CE-8740-46CEBE9821E8}.Release|Any CPU.ActiveCfg = Release|Any CPU
		{4FDC59EC-2E5B-46CE-8740-46CEBE9821E8}.Release|Any CPU.Build.0 = Release|Any CPU
		{92D6BF76-4B06-4674-AE05-BF8FE7393D68}.Debug|Any CPU.ActiveCfg = Debug|Any CPU
		{92D6BF76-4B06-4674-AE05-BF8FE7393D68}.Debug|Any CPU.Build.0 = Debug|Any CPU
		{92D6BF76-4B06-4674-AE05-BF8FE7393D68}.Release|Any CPU.ActiveCfg = Release|Any CPU
		{92D6BF76-4B06-4674-AE05-BF8FE7393D68}.Release|Any CPU.Build.0 = Release|Any CPU
		{2B970432-F681-4D44-BCE7-6AF4AB3D5F36}.Debug|Any CPU.ActiveCfg = Debug|Any CPU
		{2B970432-F681-4D44-BCE7-6AF4AB3D5F36}.Debug|Any CPU.Build.0 = Debug|Any CPU
		{2B970432-F681-4D44-BCE7-6AF4AB3D5F36}.Release|Any CPU.ActiveCfg = Release|Any CPU
		{2B970432-F681-4D44-BCE7-6AF4AB3D5F36}.Release|Any CPU.Build.0 = Release|Any CPU
		{B6601664-C86C-4C97-A193-828318DEA7FB}.Debug|Any CPU.ActiveCfg = Debug|Any CPU
		{B6601664-C86C-4C97-A193-828318DEA7FB}.Debug|Any CPU.Build.0 = Debug|Any CPU
		{B6601664-C86C-4C97-A193-828318DEA7FB}.Release|Any CPU.ActiveCfg = Release|Any CPU
		{B6601664-C86C-4C97-A193-828318DEA7FB}.Release|Any CPU.Build.0 = Release|Any CPU
	EndGlobalSection
	GlobalSection(SolutionProperties) = preSolution
		HideSolutionNode = FALSE
	EndGlobalSection
	GlobalSection(ExtensibilityGlobals) = postSolution
		SolutionGuid = {34E1AA73-77FD-40D4-999F-3358C6D2E6B7}
	EndGlobalSection
EndGlobal
